
Microsoft Visual Studio Solution File, Format Version 11.00
# Visual Studio 2010
Project("{FAE04EC0-301F-11D3-BF4B-00C04F79EFBC}") = "Oyunnn", "Oyunnn\Oyunnn.csproj", "{CAE76B91-710A-48AB-8D8E-5D23AE63F47B}"
EndProject
Global
	GlobalSection(SolutionConfigurationPlatforms) = preSolution
		Debug|x86 = Debug|x86
		Release|x86 = Release|x86
	EndGlobalSection
	GlobalSection(ProjectConfigurationPlatforms) = postSolution
		{CAE76B91-710A-48AB-8D8E-5D23AE63F47B}.Debug|x86.ActiveCfg = Debug|x86
		{CAE76B91-710A-48AB-8D8E-5D23AE63F47B}.Debug|x86.Build.0 = Debug|x86
		{CAE76B91-710A-48AB-8D8E-5D23AE63F47B}.Release|x86.ActiveCfg = Release|x86
		{CAE76B91-710A-48AB-8D8E-5D23AE63F47B}.Release|x86.Build.0 = Release|x86
	EndGlobalSection
	GlobalSection(SolutionProperties) = preSolution
		HideSolutionNode = FALSE
	EndGlobalSection
EndGlobal
